
Microsoft Visual Studio Solution File, Format Version 12.00
# Visual Studio Version 16
VisualStudioVersion = 16.0.30804.86
MinimumVisualStudioVersion = 10.0.40219.1
Project("{FAE04EC0-301F-11D3-BF4B-00C04F79EFBC}") = "Threading_hw", "Threading_hw\Threading_hw.csproj", "{28DBE098-9254-4DE4-9E17-00BCEACB409C}"
EndProject
Global
	GlobalSection(SolutionConfigurationPlatforms) = preSolution
		Debug|Any CPU = Debug|Any CPU
		Release|Any CPU = Release|Any CPU
	EndGlobalSection
	GlobalSection(ProjectConfigurationPlatforms) = postSolution
		{28DBE098-9254-4DE4-9E17-00BCEACB409C}.Debug|Any CPU.ActiveCfg = Debug|Any CPU
		{28DBE098-9254-4DE4-9E17-00BCEACB409C}.Debug|Any CPU.Build.0 = Debug|Any CPU
		{28DBE098-9254-4DE4-9E17-00BCEACB409C}.Release|Any CPU.ActiveCfg = Release|Any CPU
		{28DBE098-9254-4DE4-9E17-00BCEACB409C}.Release|Any CPU.Build.0 = Release|Any CPU
	EndGlobalSection
	GlobalSection(SolutionProperties) = preSolution
		HideSolutionNode = FALSE
	EndGlobalSection
	GlobalSection(ExtensibilityGlobals) = postSolution
		SolutionGuid = {AE7B4E4B-7E25-4C85-ACF7-76BF62C99254}
	EndGlobalSection
EndGlobal
